<?xml version="1.0" encoding="utf-8"?>
<Project ToolsVersion="4.0" xmlns="http://schemas.microsoft.com/developer/msbuild/2003">
  <ItemGroup>
    <None Include="ReadMe.txt" />
  </ItemGroup>
  <ItemGroup>
    <ClInclude Include="chat_message.h" />
    <ClInclude Include="device\device_desc.h">
      <Filter>device</Filter>
    </ClInclude>
    <ClInclude Include="device\device_manager.h">
      <Filter>device</Filter>
    </ClInclude>
    <ClInclude Include="utility.h" />
    <ClInclude Include="ssdp.h" />
    <ClInclude Include="boost_lib_fwd.h" />
    <ClInclude Include="http_websocket_ping_scheduler.h" />
    <ClInclude Include="http_fwd.h" />
    <ClInclude Include="http_object.h" />
    <ClInclude Include="http_request.h" />
    <ClInclude Include="http_ui_object.h" />
    <ClInclude Include="http_websocket_manager.h" />
    <ClInclude Include="channel.h" />
    <ClInclude Include="channel_delegate.h" />
    <ClInclude Include="http_downloader.h" />
  </ItemGroup>
  <ItemGroup>
    <ClCompile Include="chat_message.cpp" />
    <ClCompile Include="device\device_desc.cpp">
      <Filter>device</Filter>
    </ClCompile>
    <ClCompile Include="device\device_manager.cpp">
      <Filter>device</Filter>
    </ClCompile>
    <ClCompile Include="utility.cpp" />
    <ClCompile Include="ssdp.cpp" />
    <ClCompile Include="http_websocket_ping_scheduler.cpp" />
    <ClCompile Include="http_object.cpp" />
    <ClCompile Include="http_request.cpp" />
    <ClCompile Include="http_ui_object.cpp" />
    <ClCompile Include="http_websocket_manager.cpp" />
    <ClCompile Include="http_downloader.cpp" />
  </ItemGroup>
  <ItemGroup>
    <Filter Include="device">
      <UniqueIdentifier>{b79050de-27f6-4fe4-b1cc-7ea54280d529}</UniqueIdentifier>
    </Filter>
  </ItemGroup>
</Project>