<?xml version="1.0" encoding="utf-8"?>
<Project ToolsVersion="4.0" xmlns="http://schemas.microsoft.com/developer/msbuild/2003">
  <ItemGroup>
    <ClCompile Include="main.cpp" />
    <ClCompile Include="main_ui_channel.cpp" />
    <ClCompile Include="sample.cpp" />
    <ClCompile Include="storage.cpp" />
    <ClCompile Include="localbox.cpp" />
    <ClCompile Include="frontend\http_object_template.cpp">
      <Filter>frontend</Filter>
    </ClCompile>
    <ClCompile Include="frontend\http_request_manager.cpp">
      <Filter>frontend</Filter>
    </ClCompile>
    <ClCompile Include="frontend\http_request_template.cpp">
      <Filter>frontend</Filter>
    </ClCompile>
    <ClCompile Include="frontend\http_response_impl.cpp">
      <Filter>frontend</Filter>
    </ClCompile>
    <ClCompile Include="frontend\http_response_template.cpp">
      <Filter>frontend</Filter>
    </ClCompile>
    <ClCompile Include="frontend\http_websocket_impl.cpp">
      <Filter>frontend</Filter>
    </ClCompile>
    <ClCompile Include="frontend\http_websocket_manager.cpp">
      <Filter>frontend</Filter>
    </ClCompile>
    <ClCompile Include="frontend\http_websocket_template.cpp">
      <Filter>frontend</Filter>
    </ClCompile>
    <ClCompile Include="frontend\http_message_impl.cpp">
      <Filter>frontend</Filter>
    </ClCompile>
    <ClCompile Include="frontend\http_request.cpp">
      <Filter>frontend</Filter>
    </ClCompile>
    <ClCompile Include="frontend\http_server.cpp">
      <Filter>frontend</Filter>
    </ClCompile>
    <ClCompile Include="base_object\service_template.cpp">
      <Filter>base_object</Filter>
    </ClCompile>
    <ClCompile Include="basebox\template_factory.cpp">
      <Filter>basebox</Filter>
    </ClCompile>
    <ClCompile Include="base_object\device_template.cpp">
      <Filter>base_object</Filter>
    </ClCompile>
    <ClCompile Include="basebox\channel.cpp">
      <Filter>basebox</Filter>
    </ClCompile>
    <ClCompile Include="base_object\channel_template.cpp">
      <Filter>base_object</Filter>
    </ClCompile>
    <ClCompile Include="base_object\file_object.cpp">
      <Filter>base_object</Filter>
    </ClCompile>
    <ClCompile Include="server_manager.cpp" />
    <ClCompile Include="base\io_service.cpp">
      <Filter>base</Filter>
    </ClCompile>
    <ClCompile Include="basebox\context.cpp">
      <Filter>basebox</Filter>
    </ClCompile>
    <ClCompile Include="basebox\device.cpp">
      <Filter>basebox</Filter>
    </ClCompile>
    <ClCompile Include="basebox\service.cpp">
      <Filter>basebox</Filter>
    </ClCompile>
    <ClCompile Include="basebox\device_manager.cpp">
      <Filter>basebox</Filter>
    </ClCompile>
    <ClCompile Include="basebox\root_storage.cpp">
      <Filter>basebox</Filter>
    </ClCompile>
    <ClCompile Include="basebox\service_desc.cpp">
      <Filter>basebox</Filter>
    </ClCompile>
    <ClCompile Include="basebox\service_manager.cpp">
      <Filter>basebox</Filter>
    </ClCompile>
    <ClCompile Include="basebox\device_desc.cpp">
      <Filter>basebox</Filter>
    </ClCompile>
    <ClCompile Include="base\utility.cpp">
      <Filter>base</Filter>
    </ClCompile>
    <ClCompile Include="backend\ssdp_ethernet_sender.cpp">
      <Filter>backend</Filter>
    </ClCompile>
    <ClCompile Include="backend\ssdp_listener.cpp">
      <Filter>backend</Filter>
    </ClCompile>
    <ClCompile Include="backend\ssdp_scheduler.cpp">
      <Filter>backend</Filter>
    </ClCompile>
    <ClCompile Include="backend\tcp_adapter.cpp">
      <Filter>backend</Filter>
    </ClCompile>
    <ClCompile Include="backend\tcp_channel.cpp">
      <Filter>backend</Filter>
    </ClCompile>
    <ClCompile Include="backend\chat_message.cpp">
      <Filter>backend</Filter>
    </ClCompile>
    <ClCompile Include="backend\network_manager.cpp">
      <Filter>backend</Filter>
    </ClCompile>
    <ClCompile Include="base\ref_object.cpp">
      <Filter>base</Filter>
    </ClCompile>
  </ItemGroup>
  <ItemGroup>
    <ClInclude Include="main_ui_channel.h" />
    <ClInclude Include="sample.h" />
    <ClInclude Include="storage.h" />
    <ClInclude Include="localbox.h" />
    <ClInclude Include="frontend\http_object_template.h">
      <Filter>frontend</Filter>
    </ClInclude>
    <ClInclude Include="frontend\http_request_manager.h">
      <Filter>frontend</Filter>
    </ClInclude>
    <ClInclude Include="frontend\http_request.h">
      <Filter>frontend</Filter>
    </ClInclude>
    <ClInclude Include="frontend\http_request_template.h">
      <Filter>frontend</Filter>
    </ClInclude>
    <ClInclude Include="frontend\http_response.h">
      <Filter>frontend</Filter>
    </ClInclude>
    <ClInclude Include="frontend\http_response_impl.h">
      <Filter>frontend</Filter>
    </ClInclude>
    <ClInclude Include="frontend\http_response_template.h">
      <Filter>frontend</Filter>
    </ClInclude>
    <ClInclude Include="frontend\http_websocket.h">
      <Filter>frontend</Filter>
    </ClInclude>
    <ClInclude Include="frontend\http_websocket_impl.h">
      <Filter>frontend</Filter>
    </ClInclude>
    <ClInclude Include="frontend\http_websocket_manager.h">
      <Filter>frontend</Filter>
    </ClInclude>
    <ClInclude Include="frontend\http_websocket_template.h">
      <Filter>frontend</Filter>
    </ClInclude>
    <ClInclude Include="frontend\http_forward.h">
      <Filter>frontend</Filter>
    </ClInclude>
    <ClInclude Include="frontend\http_message.h">
      <Filter>frontend</Filter>
    </ClInclude>
    <ClInclude Include="frontend\http_message_impl.h">
      <Filter>frontend</Filter>
    </ClInclude>
    <ClInclude Include="frontend\http_server.h">
      <Filter>frontend</Filter>
    </ClInclude>
    <ClInclude Include="base_object\service_template.h">
      <Filter>base_object</Filter>
    </ClInclude>
    <ClInclude Include="basebox\template_factory.h">
      <Filter>basebox</Filter>
    </ClInclude>
    <ClInclude Include="basebox\service_ref.h">
      <Filter>basebox</Filter>
    </ClInclude>
    <ClInclude Include="base_object\device_template.h">
      <Filter>base_object</Filter>
    </ClInclude>
    <ClInclude Include="basebox\channel.h">
      <Filter>basebox</Filter>
    </ClInclude>
    <ClInclude Include="basebox\channel_ref.h">
      <Filter>basebox</Filter>
    </ClInclude>
    <ClInclude Include="base_object\channel_template.h">
      <Filter>base_object</Filter>
    </ClInclude>
    <ClInclude Include="base_object\file_object.h">
      <Filter>base_object</Filter>
    </ClInclude>
    <ClInclude Include="server_manager.h" />
    <ClInclude Include="base\io_service.h">
      <Filter>base</Filter>
    </ClInclude>
    <ClInclude Include="base\io_service_ref.h">
      <Filter>base</Filter>
    </ClInclude>
    <ClInclude Include="basebox\context.h">
      <Filter>basebox</Filter>
    </ClInclude>
    <ClInclude Include="basebox\device.h">
      <Filter>basebox</Filter>
    </ClInclude>
    <ClInclude Include="basebox\device_ref.h">
      <Filter>basebox</Filter>
    </ClInclude>
    <ClInclude Include="basebox\service.h">
      <Filter>basebox</Filter>
    </ClInclude>
    <ClInclude Include="basebox\device_manager.h">
      <Filter>basebox</Filter>
    </ClInclude>
    <ClInclude Include="basebox\root_storage.h">
      <Filter>basebox</Filter>
    </ClInclude>
    <ClInclude Include="basebox\service_desc.h">
      <Filter>basebox</Filter>
    </ClInclude>
    <ClInclude Include="basebox\service_manager.h">
      <Filter>basebox</Filter>
    </ClInclude>
    <ClInclude Include="basebox\device_desc.h">
      <Filter>basebox</Filter>
    </ClInclude>
    <ClInclude Include="base\utility.h">
      <Filter>base</Filter>
    </ClInclude>
    <ClInclude Include="base\reference.h">
      <Filter>base</Filter>
    </ClInclude>
    <ClInclude Include="basebox\root_storage_ref.h">
      <Filter>basebox</Filter>
    </ClInclude>
    <ClInclude Include="backend\network_manager.h">
      <Filter>backend</Filter>
    </ClInclude>
    <ClInclude Include="backend\ssdp_ethernet_sender.h">
      <Filter>backend</Filter>
    </ClInclude>
    <ClInclude Include="backend\ssdp_listener.h">
      <Filter>backend</Filter>
    </ClInclude>
    <ClInclude Include="backend\ssdp_scheduler.h">
      <Filter>backend</Filter>
    </ClInclude>
    <ClInclude Include="backend\tcp_adapter.h">
      <Filter>backend</Filter>
    </ClInclude>
    <ClInclude Include="backend\tcp_channel.h">
      <Filter>backend</Filter>
    </ClInclude>
    <ClInclude Include="backend\boost_lib_fwd.h">
      <Filter>backend</Filter>
    </ClInclude>
    <ClInclude Include="backend\channel.h">
      <Filter>backend</Filter>
    </ClInclude>
    <ClInclude Include="backend\channel_delegate.h">
      <Filter>backend</Filter>
    </ClInclude>
    <ClInclude Include="backend\chat_message.h">
      <Filter>backend</Filter>
    </ClInclude>
    <ClInclude Include="backend\network_adapter.h">
      <Filter>backend</Filter>
    </ClInclude>
    <ClInclude Include="base\ref_object.h">
      <Filter>base</Filter>
    </ClInclude>
  </ItemGroup>
  <ItemGroup>
    <Filter Include="base">
      <UniqueIdentifier>{db4305c3-821f-4525-8466-9b258b24d15e}</UniqueIdentifier>
    </Filter>
    <Filter Include="frontend">
      <UniqueIdentifier>{4ef6ddbb-3959-4564-89c0-884cbbd60739}</UniqueIdentifier>
    </Filter>
    <Filter Include="base_object">
      <UniqueIdentifier>{7a58b962-1c9f-4e9a-8ce8-8423f6434031}</UniqueIdentifier>
    </Filter>
    <Filter Include="basebox">
      <UniqueIdentifier>{fb29eb0e-071d-4fe9-8d09-74d1f9ec6991}</UniqueIdentifier>
    </Filter>
    <Filter Include="backend">
      <UniqueIdentifier>{277b012d-ff44-4bb1-a85a-0d5df70c820b}</UniqueIdentifier>
    </Filter>
  </ItemGroup>
</Project>