
Microsoft Visual Studio Solution File, Format Version 11.00
# Visual Studio 2010
Project("{8BC9CEB8-8B4A-11D0-8D11-00A0C91BC942}") = "smart_hub", "smart_hub.vcxproj", "{54FF5BB4-E46D-497C-8254-CB6A8D458275}"
	ProjectSection(ProjectDependencies) = postProject
		{838BA03F-CF78-4A0D-ABC9-8A0B103E8711} = {838BA03F-CF78-4A0D-ABC9-8A0B103E8711}
	EndProjectSection
EndProject
Project("{8BC9CEB8-8B4A-11D0-8D11-00A0C91BC942}") = "codebase", "..\codebase\codebase.vcxproj", "{838BA03F-CF78-4A0D-ABC9-8A0B103E8711}"
	ProjectSection(ProjectDependencies) = postProject
		{CE6F9B98-25C2-47B1-8E13-CBCCD80866DF} = {CE6F9B98-25C2-47B1-8E13-CBCCD80866DF}
	EndProjectSection
EndProject
Project("{8BC9CEB8-8B4A-11D0-8D11-00A0C91BC942}") = "jsoncpp", "..\jsoncpp\jsoncpp.vcxproj", "{CE6F9B98-25C2-47B1-8E13-CBCCD80866DF}"
EndProject
Project("{8BC9CEB8-8B4A-11D0-8D11-00A0C91BC942}") = "mongoose", "..\mongoose\mongoose.vcxproj", "{84FA6DF3-15F8-4CA2-925E-16B42BF8B943}"
EndProject
Project("{2150E333-8FDC-42A3-9474-1A3956D46DE8}") = "third_party", "third_party", "{0EB75542-CECF-4123-B95F-0B8E594B76EA}"
EndProject
Project("{8BC9CEB8-8B4A-11D0-8D11-00A0C91BC942}") = "gmock", "..\gmock\gmock.vcxproj", "{8C528B2D-DAA5-4CE6-B0A3-FDD7FDE38B73}"
EndProject
Project("{8BC9CEB8-8B4A-11D0-8D11-00A0C91BC942}") = "test", "..\test\test.vcxproj", "{8CC77308-BDCC-44F7-9727-805183686313}"
EndProject
Project("{8BC9CEB8-8B4A-11D0-8D11-00A0C91BC942}") = "localbox", "..\localbox\localbox.vcxproj", "{DF4146AB-D916-4CC1-8FA5-F31244A87560}"
EndProject
Project("{2150E333-8FDC-42A3-9474-1A3956D46DE8}") = "v8", "v8", "{DD609E18-69AE-4DC2-97E2-05B4EC0F9A21}"
EndProject
Project("{2150E333-8FDC-42A3-9474-1A3956D46DE8}") = "(third_party)", "(third_party)", "{9CB20DF7-F108-4F06-985C-774EC3087417}"
EndProject
Project("{2150E333-8FDC-42A3-9474-1A3956D46DE8}") = "(icu)", "(icu)", "{34D561B6-219A-4394-B56C-F785C72AF0D7}"
EndProject
Project("{2150E333-8FDC-42A3-9474-1A3956D46DE8}") = "(tools)", "(tools)", "{9C716445-B323-4CC4-8704-659A88F3EF54}"
EndProject
Project("{2150E333-8FDC-42A3-9474-1A3956D46DE8}") = "(gyp)", "(gyp)", "{06E95C9B-3F90-4920-9824-E8142837A9D3}"
EndProject
Project("{8BC9CEB8-8B4A-11D0-8D11-00A0C91BC942}") = "icudata", "..\third_party\v8-3.25.30\third_party\icu\icudata.vcxproj", "{17D0FA24-692C-D822-5F28-9E72B0EEA949}"
EndProject
Project("{8BC9CEB8-8B4A-11D0-8D11-00A0C91BC942}") = "icui18n", "..\third_party\v8-3.25.30\third_party\icu\icui18n.vcxproj", "{A754B2E4-3631-0B46-1250-795EAB3EF036}"
EndProject
Project("{8BC9CEB8-8B4A-11D0-8D11-00A0C91BC942}") = "icuuc", "..\third_party\v8-3.25.30\third_party\icu\icuuc.vcxproj", "{977D721B-0369-A199-41A9-6C0073E40CD2}"
EndProject
Project("{8BC9CEB8-8B4A-11D0-8D11-00A0C91BC942}") = "generate_trig_table", "..\third_party\v8-3.25.30\tools\gyp\generate_trig_table.vcxproj", "{33556602-891C-2F8C-6235-7A506BB97ACD}"
EndProject
Project("{8BC9CEB8-8B4A-11D0-8D11-00A0C91BC942}") = "js2c", "..\third_party\v8-3.25.30\tools\gyp\js2c.vcxproj", "{9D056715-8A57-DA23-F010-ACD847F9F155}"
EndProject
Project("{8BC9CEB8-8B4A-11D0-8D11-00A0C91BC942}") = "mksnapshot.ia32", "..\third_party\v8-3.25.30\tools\gyp\mksnapshot.ia32.vcxproj", "{B73EACDC-97F8-D75A-AC72-AE8FF3F0FE22}"
EndProject
Project("{8BC9CEB8-8B4A-11D0-8D11-00A0C91BC942}") = "v8", "..\third_party\v8-3.25.30\tools\gyp\v8.vcxproj", "{E3D0B7E1-02F9-3581-9644-C9318B56AF26}"
EndProject
Project("{8BC9CEB8-8B4A-11D0-8D11-00A0C91BC942}") = "v8_base.ia32", "..\third_party\v8-3.25.30\tools\gyp\v8_base.ia32.vcxproj", "{A8AE36CA-E4E4-7E51-FC0F-893C7C1E43A7}"
EndProject
Project("{8BC9CEB8-8B4A-11D0-8D11-00A0C91BC942}") = "v8_nosnapshot.ia32", "..\third_party\v8-3.25.30\tools\gyp\v8_nosnapshot.ia32.vcxproj", "{6C8163B0-E4E9-FD6A-D9B2-5EC13824F470}"
EndProject
Project("{8BC9CEB8-8B4A-11D0-8D11-00A0C91BC942}") = "v8_snapshot", "..\third_party\v8-3.25.30\tools\gyp\v8_snapshot.vcxproj", "{3835B5EF-172B-BFFE-A131-B4B7E3D4EE3D}"
EndProject
Global
	GlobalSection(SolutionConfigurationPlatforms) = preSolution
		Debug|Win32 = Debug|Win32
		Release|Win32 = Release|Win32
	EndGlobalSection
	GlobalSection(ProjectConfigurationPlatforms) = postSolution
		{54FF5BB4-E46D-497C-8254-CB6A8D458275}.Debug|Win32.ActiveCfg = Debug|Win32
		{54FF5BB4-E46D-497C-8254-CB6A8D458275}.Debug|Win32.Build.0 = Debug|Win32
		{54FF5BB4-E46D-497C-8254-CB6A8D458275}.Release|Win32.ActiveCfg = Release|Win32
		{54FF5BB4-E46D-497C-8254-CB6A8D458275}.Release|Win32.Build.0 = Release|Win32
		{838BA03F-CF78-4A0D-ABC9-8A0B103E8711}.Debug|Win32.ActiveCfg = Debug|Win32
		{838BA03F-CF78-4A0D-ABC9-8A0B103E8711}.Debug|Win32.Build.0 = Debug|Win32
		{838BA03F-CF78-4A0D-ABC9-8A0B103E8711}.Release|Win32.ActiveCfg = Release|Win32
		{838BA03F-CF78-4A0D-ABC9-8A0B103E8711}.Release|Win32.Build.0 = Release|Win32
		{CE6F9B98-25C2-47B1-8E13-CBCCD80866DF}.Debug|Win32.ActiveCfg = Debug|Win32
		{CE6F9B98-25C2-47B1-8E13-CBCCD80866DF}.Debug|Win32.Build.0 = Debug|Win32
		{CE6F9B98-25C2-47B1-8E13-CBCCD80866DF}.Release|Win32.ActiveCfg = Release|Win32
		{CE6F9B98-25C2-47B1-8E13-CBCCD80866DF}.Release|Win32.Build.0 = Release|Win32
		{84FA6DF3-15F8-4CA2-925E-16B42BF8B943}.Debug|Win32.ActiveCfg = Debug|Win32
		{84FA6DF3-15F8-4CA2-925E-16B42BF8B943}.Debug|Win32.Build.0 = Debug|Win32
		{84FA6DF3-15F8-4CA2-925E-16B42BF8B943}.Release|Win32.ActiveCfg = Release|Win32
		{84FA6DF3-15F8-4CA2-925E-16B42BF8B943}.Release|Win32.Build.0 = Release|Win32
		{8C528B2D-DAA5-4CE6-B0A3-FDD7FDE38B73}.Debug|Win32.ActiveCfg = Debug|Win32
		{8C528B2D-DAA5-4CE6-B0A3-FDD7FDE38B73}.Debug|Win32.Build.0 = Debug|Win32
		{8C528B2D-DAA5-4CE6-B0A3-FDD7FDE38B73}.Release|Win32.ActiveCfg = Release|Win32
		{8C528B2D-DAA5-4CE6-B0A3-FDD7FDE38B73}.Release|Win32.Build.0 = Release|Win32
		{8CC77308-BDCC-44F7-9727-805183686313}.Debug|Win32.ActiveCfg = Debug|Win32
		{8CC77308-BDCC-44F7-9727-805183686313}.Debug|Win32.Build.0 = Debug|Win32
		{8CC77308-BDCC-44F7-9727-805183686313}.Release|Win32.ActiveCfg = Release|Win32
		{8CC77308-BDCC-44F7-9727-805183686313}.Release|Win32.Build.0 = Release|Win32
		{DF4146AB-D916-4CC1-8FA5-F31244A87560}.Debug|Win32.ActiveCfg = Debug|Win32
		{DF4146AB-D916-4CC1-8FA5-F31244A87560}.Debug|Win32.Build.0 = Debug|Win32
		{DF4146AB-D916-4CC1-8FA5-F31244A87560}.Release|Win32.ActiveCfg = Release|Win32
		{DF4146AB-D916-4CC1-8FA5-F31244A87560}.Release|Win32.Build.0 = Release|Win32
		{17D0FA24-692C-D822-5F28-9E72B0EEA949}.Debug|Win32.ActiveCfg = Debug|Win32
		{17D0FA24-692C-D822-5F28-9E72B0EEA949}.Debug|Win32.Build.0 = Debug|Win32
		{17D0FA24-692C-D822-5F28-9E72B0EEA949}.Release|Win32.ActiveCfg = Release|Win32
		{17D0FA24-692C-D822-5F28-9E72B0EEA949}.Release|Win32.Build.0 = Release|Win32
		{A754B2E4-3631-0B46-1250-795EAB3EF036}.Debug|Win32.ActiveCfg = Debug|Win32
		{A754B2E4-3631-0B46-1250-795EAB3EF036}.Debug|Win32.Build.0 = Debug|Win32
		{A754B2E4-3631-0B46-1250-795EAB3EF036}.Release|Win32.ActiveCfg = Release|Win32
		{A754B2E4-3631-0B46-1250-795EAB3EF036}.Release|Win32.Build.0 = Release|Win32
		{977D721B-0369-A199-41A9-6C0073E40CD2}.Debug|Win32.ActiveCfg = Debug|Win32
		{977D721B-0369-A199-41A9-6C0073E40CD2}.Debug|Win32.Build.0 = Debug|Win32
		{977D721B-0369-A199-41A9-6C0073E40CD2}.Release|Win32.ActiveCfg = Release|Win32
		{977D721B-0369-A199-41A9-6C0073E40CD2}.Release|Win32.Build.0 = Release|Win32
		{33556602-891C-2F8C-6235-7A506BB97ACD}.Debug|Win32.ActiveCfg = Debug|Win32
		{33556602-891C-2F8C-6235-7A506BB97ACD}.Debug|Win32.Build.0 = Debug|Win32
		{33556602-891C-2F8C-6235-7A506BB97ACD}.Release|Win32.ActiveCfg = Release|Win32
		{33556602-891C-2F8C-6235-7A506BB97ACD}.Release|Win32.Build.0 = Release|Win32
		{9D056715-8A57-DA23-F010-ACD847F9F155}.Debug|Win32.ActiveCfg = Debug|Win32
		{9D056715-8A57-DA23-F010-ACD847F9F155}.Debug|Win32.Build.0 = Debug|Win32
		{9D056715-8A57-DA23-F010-ACD847F9F155}.Release|Win32.ActiveCfg = Release|Win32
		{9D056715-8A57-DA23-F010-ACD847F9F155}.Release|Win32.Build.0 = Release|Win32
		{B73EACDC-97F8-D75A-AC72-AE8FF3F0FE22}.Debug|Win32.ActiveCfg = Debug|Win32
		{B73EACDC-97F8-D75A-AC72-AE8FF3F0FE22}.Debug|Win32.Build.0 = Debug|Win32
		{B73EACDC-97F8-D75A-AC72-AE8FF3F0FE22}.Release|Win32.ActiveCfg = Release|Win32
		{B73EACDC-97F8-D75A-AC72-AE8FF3F0FE22}.Release|Win32.Build.0 = Release|Win32
		{E3D0B7E1-02F9-3581-9644-C9318B56AF26}.Debug|Win32.ActiveCfg = Debug|Win32
		{E3D0B7E1-02F9-3581-9644-C9318B56AF26}.Debug|Win32.Build.0 = Debug|Win32
		{E3D0B7E1-02F9-3581-9644-C9318B56AF26}.Release|Win32.ActiveCfg = Release|Win32
		{E3D0B7E1-02F9-3581-9644-C9318B56AF26}.Release|Win32.Build.0 = Release|Win32
		{A8AE36CA-E4E4-7E51-FC0F-893C7C1E43A7}.Debug|Win32.ActiveCfg = Debug|Win32
		{A8AE36CA-E4E4-7E51-FC0F-893C7C1E43A7}.Debug|Win32.Build.0 = Debug|Win32
		{A8AE36CA-E4E4-7E51-FC0F-893C7C1E43A7}.Release|Win32.ActiveCfg = Release|Win32
		{A8AE36CA-E4E4-7E51-FC0F-893C7C1E43A7}.Release|Win32.Build.0 = Release|Win32
		{6C8163B0-E4E9-FD6A-D9B2-5EC13824F470}.Debug|Win32.ActiveCfg = Debug|Win32
		{6C8163B0-E4E9-FD6A-D9B2-5EC13824F470}.Debug|Win32.Build.0 = Debug|Win32
		{6C8163B0-E4E9-FD6A-D9B2-5EC13824F470}.Release|Win32.ActiveCfg = Release|Win32
		{6C8163B0-E4E9-FD6A-D9B2-5EC13824F470}.Release|Win32.Build.0 = Release|Win32
		{3835B5EF-172B-BFFE-A131-B4B7E3D4EE3D}.Debug|Win32.ActiveCfg = Debug|Win32
		{3835B5EF-172B-BFFE-A131-B4B7E3D4EE3D}.Debug|Win32.Build.0 = Debug|Win32
		{3835B5EF-172B-BFFE-A131-B4B7E3D4EE3D}.Release|Win32.ActiveCfg = Release|Win32
		{3835B5EF-172B-BFFE-A131-B4B7E3D4EE3D}.Release|Win32.Build.0 = Release|Win32
	EndGlobalSection
	GlobalSection(SolutionProperties) = preSolution
		HideSolutionNode = FALSE
	EndGlobalSection
	GlobalSection(NestedProjects) = preSolution
		{84FA6DF3-15F8-4CA2-925E-16B42BF8B943} = {0EB75542-CECF-4123-B95F-0B8E594B76EA}
		{CE6F9B98-25C2-47B1-8E13-CBCCD80866DF} = {0EB75542-CECF-4123-B95F-0B8E594B76EA}
		{8C528B2D-DAA5-4CE6-B0A3-FDD7FDE38B73} = {0EB75542-CECF-4123-B95F-0B8E594B76EA}
		{DD609E18-69AE-4DC2-97E2-05B4EC0F9A21} = {0EB75542-CECF-4123-B95F-0B8E594B76EA}
		{9CB20DF7-F108-4F06-985C-774EC3087417} = {DD609E18-69AE-4DC2-97E2-05B4EC0F9A21}
		{9C716445-B323-4CC4-8704-659A88F3EF54} = {DD609E18-69AE-4DC2-97E2-05B4EC0F9A21}
		{34D561B6-219A-4394-B56C-F785C72AF0D7} = {9CB20DF7-F108-4F06-985C-774EC3087417}
		{17D0FA24-692C-D822-5F28-9E72B0EEA949} = {34D561B6-219A-4394-B56C-F785C72AF0D7}
		{A754B2E4-3631-0B46-1250-795EAB3EF036} = {34D561B6-219A-4394-B56C-F785C72AF0D7}
		{977D721B-0369-A199-41A9-6C0073E40CD2} = {34D561B6-219A-4394-B56C-F785C72AF0D7}
		{06E95C9B-3F90-4920-9824-E8142837A9D3} = {9C716445-B323-4CC4-8704-659A88F3EF54}
		{33556602-891C-2F8C-6235-7A506BB97ACD} = {06E95C9B-3F90-4920-9824-E8142837A9D3}
		{9D056715-8A57-DA23-F010-ACD847F9F155} = {06E95C9B-3F90-4920-9824-E8142837A9D3}
		{B73EACDC-97F8-D75A-AC72-AE8FF3F0FE22} = {06E95C9B-3F90-4920-9824-E8142837A9D3}
		{E3D0B7E1-02F9-3581-9644-C9318B56AF26} = {06E95C9B-3F90-4920-9824-E8142837A9D3}
		{A8AE36CA-E4E4-7E51-FC0F-893C7C1E43A7} = {06E95C9B-3F90-4920-9824-E8142837A9D3}
		{6C8163B0-E4E9-FD6A-D9B2-5EC13824F470} = {06E95C9B-3F90-4920-9824-E8142837A9D3}
		{3835B5EF-172B-BFFE-A131-B4B7E3D4EE3D} = {06E95C9B-3F90-4920-9824-E8142837A9D3}
	EndGlobalSection
EndGlobal
