<?xml version="1.0" encoding="utf-8"?>
<Project ToolsVersion="4.0" xmlns="http://schemas.microsoft.com/developer/msbuild/2003">
  <ItemGroup>
    <ClInclude Include="ctrl_point.h" />
    <ClInclude Include="tcp_channel.h" />
    <ClInclude Include="tcp_adapter.h" />
    <ClInclude Include="service_broker.h" />
    <ClInclude Include="service_factory.h" />
    <ClInclude Include="main_ui_service.h" />
    <ClInclude Include="main_ui_handler.h" />
    <ClInclude Include="service_desc.h" />
  </ItemGroup>
  <ItemGroup>
    <ClCompile Include="ctrl_point.cpp" />
    <ClCompile Include="main.cpp" />
    <ClCompile Include="tcp_channel.cpp" />
    <ClCompile Include="tcp_adapter.cpp" />
    <ClCompile Include="service_broker.cpp" />
    <ClCompile Include="service_factory.cpp" />
    <ClCompile Include="main_ui_service.cpp" />
    <ClCompile Include="service_desc.cpp" />
  </ItemGroup>
</Project>