<?xml version="1.0" encoding="utf-8"?>
<Project ToolsVersion="4.0" xmlns="http://schemas.microsoft.com/developer/msbuild/2003">
  <ItemGroup>
    <ClInclude Include="channel.h" />
    <ClInclude Include="ctrl_point.h" />
    <ClInclude Include="tcp_channel.h" />
    <ClInclude Include="tcp_server.h" />
    <ClInclude Include="uart_channel.h" />
    <ClInclude Include="uart_server.h" />
    <ClInclude Include="zigbee_driver.h" />
    <ClInclude Include="udp_server.h" />
    <ClInclude Include="http\http_server.h">
      <Filter>http</Filter>
    </ClInclude>
    <ClInclude Include="http\http_websocket.h">
      <Filter>http</Filter>
    </ClInclude>
    <ClInclude Include="http\http_request.h">
      <Filter>http</Filter>
    </ClInclude>
    <ClInclude Include="http\http_object.h">
      <Filter>http</Filter>
    </ClInclude>
    <ClInclude Include="http\http_fwd.h">
      <Filter>http</Filter>
    </ClInclude>
    <ClInclude Include="device\device_pool.h">
      <Filter>device</Filter>
    </ClInclude>
    <ClInclude Include="device\device_info.h">
      <Filter>device</Filter>
    </ClInclude>
    <ClInclude Include="service\service_pool.h">
      <Filter>service</Filter>
    </ClInclude>
    <ClInclude Include="service\service.h">
      <Filter>service</Filter>
    </ClInclude>
    <ClInclude Include="service\service_info.h">
      <Filter>service</Filter>
    </ClInclude>
    <ClInclude Include="asio_fwd.h" />
  </ItemGroup>
  <ItemGroup>
    <ClCompile Include="ctrl_point.cpp" />
    <ClCompile Include="main.cpp" />
    <ClCompile Include="tcp_channel.cpp" />
    <ClCompile Include="tcp_server.cpp" />
    <ClCompile Include="uart_channel.cpp" />
    <ClCompile Include="uart_server.cpp" />
    <ClCompile Include="zigbee_driver.cpp" />
    <ClCompile Include="udp_server.cpp" />
    <ClCompile Include="http\http_server.cpp">
      <Filter>http</Filter>
    </ClCompile>
    <ClCompile Include="http\http_websocket.cpp">
      <Filter>http</Filter>
    </ClCompile>
    <ClCompile Include="http\http_request.cpp">
      <Filter>http</Filter>
    </ClCompile>
    <ClCompile Include="http\http_object.cpp">
      <Filter>http</Filter>
    </ClCompile>
    <ClCompile Include="device\device_info.cpp">
      <Filter>device</Filter>
    </ClCompile>
    <ClCompile Include="device\device_pool.cpp">
      <Filter>device</Filter>
    </ClCompile>
    <ClCompile Include="service\service.cpp">
      <Filter>service</Filter>
    </ClCompile>
    <ClCompile Include="service\service_info.cpp">
      <Filter>service</Filter>
    </ClCompile>
    <ClCompile Include="service\service_pool.cpp">
      <Filter>service</Filter>
    </ClCompile>
  </ItemGroup>
  <ItemGroup>
    <Filter Include="http">
      <UniqueIdentifier>{c321860f-cf5e-469f-be9d-4a48b6a97708}</UniqueIdentifier>
    </Filter>
    <Filter Include="device">
      <UniqueIdentifier>{fcf20f7b-dc92-4a21-9416-d938ca4cef3a}</UniqueIdentifier>
    </Filter>
    <Filter Include="service">
      <UniqueIdentifier>{b2d16d58-d9eb-4ed3-b05e-c5aed8869125}</UniqueIdentifier>
    </Filter>
  </ItemGroup>
</Project>